
Microsoft Visual Studio Solution File, Format Version 12.00
# Visual Studio Version 17
VisualStudioVersion = 17.3.32922.545
MinimumVisualStudioVersion = 10.0.40219.1
Project("{9A19103F-16F7-4668-BE54-9A1E7A4F7556}") = "Pokedex", "Pokedex.csproj", "{D599599F-AE3F-40A8-B1DE-9515881416C7}"
EndProject
Project("{FAE04EC0-301F-11D3-BF4B-00C04F79EFBC}") = "CL.Core.Shared", "..\CL.Core.Shared\CL.Core.Shared.csproj", "{FF13360A-440E-4C00-8B43-63BEDD14C006}"
EndProject
Global
	GlobalSection(SolutionConfigurationPlatforms) = preSolution
		Debug|Any CPU = Debug|Any CPU
		Release|Any CPU = Release|Any CPU
	EndGlobalSection
	GlobalSection(ProjectConfigurationPlatforms) = postSolution
		{D599599F-AE3F-40A8-B1DE-9515881416C7}.Debug|Any CPU.ActiveCfg = Debug|Any CPU
		{D599599F-AE3F-40A8-B1DE-9515881416C7}.Debug|Any CPU.Build.0 = Debug|Any CPU
		{D599599F-AE3F-40A8-B1DE-9515881416C7}.Release|Any CPU.ActiveCfg = Release|Any CPU
		{D599599F-AE3F-40A8-B1DE-9515881416C7}.Release|Any CPU.Build.0 = Release|Any CPU
		{FF13360A-440E-4C00-8B43-63BEDD14C006}.Debug|Any CPU.ActiveCfg = Debug|Any CPU
		{FF13360A-440E-4C00-8B43-63BEDD14C006}.Debug|Any CPU.Build.0 = Debug|Any CPU
		{FF13360A-440E-4C00-8B43-63BEDD14C006}.Release|Any CPU.ActiveCfg = Release|Any CPU
		{FF13360A-440E-4C00-8B43-63BEDD14C006}.Release|Any CPU.Build.0 = Release|Any CPU
	EndGlobalSection
	GlobalSection(SolutionProperties) = preSolution
		HideSolutionNode = FALSE
	EndGlobalSection
	GlobalSection(ExtensibilityGlobals) = postSolution
		SolutionGuid = {92317BF2-4F97-4B76-A186-E30F092B0319}
	EndGlobalSection
EndGlobal
